
Microsoft Visual Studio Solution File, Format Version 12.00
# Visual Studio Version 17
VisualStudioVersion = 17.3.32901.215
MinimumVisualStudioVersion = 10.0.40219.1
Project("{FAE04EC0-301F-11D3-BF4B-00C04F79EFBC}") = "NuevaCarpeta", "NuevaCarpeta.csproj", "{BE95E867-65CD-446F-A4D9-6DE303F7FB76}"
EndProject
Global
	GlobalSection(SolutionConfigurationPlatforms) = preSolution
		Debug|Any CPU = Debug|Any CPU
		Release|Any CPU = Release|Any CPU
	EndGlobalSection
	GlobalSection(ProjectConfigurationPlatforms) = postSolution
		{BE95E867-65CD-446F-A4D9-6DE303F7FB76}.Debug|Any CPU.ActiveCfg = Debug|Any CPU
		{BE95E867-65CD-446F-A4D9-6DE303F7FB76}.Debug|Any CPU.Build.0 = Debug|Any CPU
		{BE95E867-65CD-446F-A4D9-6DE303F7FB76}.Release|Any CPU.ActiveCfg = Release|Any CPU
		{BE95E867-65CD-446F-A4D9-6DE303F7FB76}.Release|Any CPU.Build.0 = Release|Any CPU
	EndGlobalSection
	GlobalSection(SolutionProperties) = preSolution
		HideSolutionNode = FALSE
	EndGlobalSection
	GlobalSection(ExtensibilityGlobals) = postSolution
		SolutionGuid = {6F557B72-A6EC-4C34-ABE3-EC754ADF52C0}
	EndGlobalSection
EndGlobal
