
Microsoft Visual Studio Solution File, Format Version 12.00
# Visual Studio Version 17
VisualStudioVersion = 17.3.32901.215
MinimumVisualStudioVersion = 10.0.40219.1
Project("{FAE04EC0-301F-11D3-BF4B-00C04F79EFBC}") = "linq1", "linq1.csproj", "{D45B74D2-AF87-4097-818E-ED4038487FE6}"
EndProject
Global
	GlobalSection(SolutionConfigurationPlatforms) = preSolution
		Debug|Any CPU = Debug|Any CPU
		Release|Any CPU = Release|Any CPU
	EndGlobalSection
	GlobalSection(ProjectConfigurationPlatforms) = postSolution
		{D45B74D2-AF87-4097-818E-ED4038487FE6}.Debug|Any CPU.ActiveCfg = Debug|Any CPU
		{D45B74D2-AF87-4097-818E-ED4038487FE6}.Debug|Any CPU.Build.0 = Debug|Any CPU
		{D45B74D2-AF87-4097-818E-ED4038487FE6}.Release|Any CPU.ActiveCfg = Release|Any CPU
		{D45B74D2-AF87-4097-818E-ED4038487FE6}.Release|Any CPU.Build.0 = Release|Any CPU
	EndGlobalSection
	GlobalSection(SolutionProperties) = preSolution
		HideSolutionNode = FALSE
	EndGlobalSection
	GlobalSection(ExtensibilityGlobals) = postSolution
		SolutionGuid = {D20C156F-C2DB-449C-805E-9A7F4C7C1A18}
	EndGlobalSection
EndGlobal
